
Microsoft Visual Studio Solution File, Format Version 12.00
# Visual Studio Version 17
VisualStudioVersion = 17.1.32414.318
MinimumVisualStudioVersion = 10.0.40219.1
Project("{FAE04EC0-301F-11D3-BF4B-00C04F79EFBC}") = "StudentAttendanceMonitoring", "StudentAttendanceMonitoring\StudentAttendanceMonitoring.csproj", "{6BE540B6-973C-4C55-94EC-73D872C32B88}"
EndProject
Global
	GlobalSection(SolutionConfigurationPlatforms) = preSolution
		Debug|Any CPU = Debug|Any CPU
		Release|Any CPU = Release|Any CPU
	EndGlobalSection
	GlobalSection(ProjectConfigurationPlatforms) = postSolution
		{6BE540B6-973C-4C55-94EC-73D872C32B88}.Debug|Any CPU.ActiveCfg = Debug|Any CPU
		{6BE540B6-973C-4C55-94EC-73D872C32B88}.Debug|Any CPU.Build.0 = Debug|Any CPU
		{6BE540B6-973C-4C55-94EC-73D872C32B88}.Release|Any CPU.ActiveCfg = Release|Any CPU
		{6BE540B6-973C-4C55-94EC-73D872C32B88}.Release|Any CPU.Build.0 = Release|Any CPU
	EndGlobalSection
	GlobalSection(SolutionProperties) = preSolution
		HideSolutionNode = FALSE
	EndGlobalSection
	GlobalSection(ExtensibilityGlobals) = postSolution
		SolutionGuid = {540F7568-EE98-437A-BBDC-BC6149409765}
	EndGlobalSection
EndGlobal
